// !$*UTF8*$!
{
	archiveVersion = 1;
	classes = {
	};
	objectVersion = 50;
	objects = {

/* Begin PBXBuildFile section */
		01CECF85C2653D107CD833CF /* libPods-chuckthemonkTests.a in Frameworks */ = {isa = PBXBuildFile; fileRef = 92ACBF0BF0C528DF60B46007 /* libPods-chuckthemonkTests.a */; };
		4E083A4D222ACA7A000E5B6B /* MainViewController.swift in Sources */ = {isa = PBXBuildFile; fileRef = 4EA0329921F901BA00659616 /* MainViewController.swift */; };
		4E083A4E222ACBCA000E5B6B /* ArchivedItemsViewController.swift in Sources */ = {isa = PBXBuildFile; fileRef = 4E2EF72121F4EBE80090A944 /* ArchivedItemsViewController.swift */; };
		4E083A4F222ACC56000E5B6B /* DataAccess.swift in Sources */ = {isa = PBXBuildFile; fileRef = 4E89F3FD21F7BB02004EB698 /* DataAccess.swift */; };
		4E083A50222ACC60000E5B6B /* ComicView.swift in Sources */ = {isa = PBXBuildFile; fileRef = 4E9695D921F6843500E8114F /* ComicView.swift */; };
		4E083A51222ACCAC000E5B6B /* Comic.swift in Sources */ = {isa = PBXBuildFile; fileRef = 4EB8B57821F4A7C2007FFA75 /* Comic.swift */; };
		4E2EF72221F4EBE90090A944 /* ArchivedItemsViewController.swift in Sources */ = {isa = PBXBuildFile; fileRef = 4E2EF72121F4EBE80090A944 /* ArchivedItemsViewController.swift */; };
		4E89F3FE21F7BB03004EB698 /* DataAccess.swift in Sources */ = {isa = PBXBuildFile; fileRef = 4E89F3FD21F7BB02004EB698 /* DataAccess.swift */; };
		4E89F40021F7C591004EB698 /* MainMenu.storyboard in Resources */ = {isa = PBXBuildFile; fileRef = 4E89F3FF21F7C591004EB698 /* MainMenu.storyboard */; };
		4E9695D821F6839400E8114F /* ComicView.xib in Resources */ = {isa = PBXBuildFile; fileRef = 4E9695D721F6839400E8114F /* ComicView.xib */; };
		4E9695DA21F6843500E8114F /* ComicView.swift in Sources */ = {isa = PBXBuildFile; fileRef = 4E9695D921F6843500E8114F /* ComicView.swift */; };
		4EA0329A21F901BA00659616 /* MainViewController.swift in Sources */ = {isa = PBXBuildFile; fileRef = 4EA0329921F901BA00659616 /* MainViewController.swift */; };
		4EA4FF6021EFD5C5005E2291 /* AppDelegate.swift in Sources */ = {isa = PBXBuildFile; fileRef = 4EA4FF5F21EFD5C5005E2291 /* AppDelegate.swift */; };
		4EA4FF6821EFD5C5005E2291 /* chuckthemonk.xcdatamodeld in Sources */ = {isa = PBXBuildFile; fileRef = 4EA4FF6621EFD5C5005E2291 /* chuckthemonk.xcdatamodeld */; };
		4EA4FF6A21EFD5C8005E2291 /* Assets.xcassets in Resources */ = {isa = PBXBuildFile; fileRef = 4EA4FF6921EFD5C8005E2291 /* Assets.xcassets */; };
		4EA4FF6D21EFD5C8005E2291 /* LaunchScreen.storyboard in Resources */ = {isa = PBXBuildFile; fileRef = 4EA4FF6B21EFD5C8005E2291 /* LaunchScreen.storyboard */; };
		4EA4FF7821EFD5C8005E2291 /* chuckthemonkTests.swift in Sources */ = {isa = PBXBuildFile; fileRef = 4EA4FF7721EFD5C8005E2291 /* chuckthemonkTests.swift */; };
		4EA4FF8321EFD5C8005E2291 /* chuckthemonkUITests.swift in Sources */ = {isa = PBXBuildFile; fileRef = 4EA4FF8221EFD5C8005E2291 /* chuckthemonkUITests.swift */; };
		4EA4FF9121EFD726005E2291 /* GoogleService-Info.plist in Resources */ = {isa = PBXBuildFile; fileRef = 4EA4FF9021EFD726005E2291 /* GoogleService-Info.plist */; };
		4EB8B57921F4A7C2007FFA75 /* Comic.swift in Sources */ = {isa = PBXBuildFile; fileRef = 4EB8B57821F4A7C2007FFA75 /* Comic.swift */; };
		684252B591D18EAC2D2DD2A0 /* Pods_chuckthemonkUITests.framework in Frameworks */ = {isa = PBXBuildFile; fileRef = 83AECBA5024E1F21E683F665 /* Pods_chuckthemonkUITests.framework */; };
		CA81CF765D6A835452889AE4 /* libPods-chuckthemonk.a in Frameworks */ = {isa = PBXBuildFile; fileRef = A23D695D752322D8A7D1D315 /* libPods-chuckthemonk.a */; };
/* End PBXBuildFile section */

/* Begin PBXContainerItemProxy section */
		4EA4FF7421EFD5C8005E2291 /* PBXContainerItemProxy */ = {
			isa = PBXContainerItemProxy;
			containerPortal = 4EA4FF5421EFD5C5005E2291 /* Project object */;
			proxyType = 1;
			remoteGlobalIDString = 4EA4FF5B21EFD5C5005E2291;
			remoteInfo = chuckthemonk;
		};
		4EA4FF7F21EFD5C8005E2291 /* PBXContainerItemProxy */ = {
			isa = PBXContainerItemProxy;
			containerPortal = 4EA4FF5421EFD5C5005E2291 /* Project object */;
			proxyType = 1;
			remoteGlobalIDString = 4EA4FF5B21EFD5C5005E2291;
			remoteInfo = chuckthemonk;
		};
/* End PBXContainerItemProxy section */

/* Begin PBXFileReference section */
		0575E90D491489F4F5689F05 /* Pods-chuckthemonkTests.debug.xcconfig */ = {isa = PBXFileReference; includeInIndex = 1; lastKnownFileType = text.xcconfig; name = "Pods-chuckthemonkTests.debug.xcconfig"; path = "Pods/Target Support Files/Pods-chuckthemonkTests/Pods-chuckthemonkTests.debug.xcconfig"; sourceTree = "<group>"; };
		09AE364E5901F3DA8B4EB381 /* Pods-chuckthemonkUITests.debug.xcconfig */ = {isa = PBXFileReference; includeInIndex = 1; lastKnownFileType = text.xcconfig; name = "Pods-chuckthemonkUITests.debug.xcconfig"; path = "Pods/Target Support Files/Pods-chuckthemonkUITests/Pods-chuckthemonkUITests.debug.xcconfig"; sourceTree = "<group>"; };
		4E2EF72121F4EBE80090A944 /* ArchivedItemsViewController.swift */ = {isa = PBXFileReference; fileEncoding = 4; lastKnownFileType = sourcecode.swift; path = ArchivedItemsViewController.swift; sourceTree = "<group>"; };
		4E89F3FD21F7BB02004EB698 /* DataAccess.swift */ = {isa = PBXFileReference; fileEncoding = 4; lastKnownFileType = sourcecode.swift; path = DataAccess.swift; sourceTree = "<group>"; };
		4E89F3FF21F7C591004EB698 /* MainMenu.storyboard */ = {isa = PBXFileReference; lastKnownFileType = file.storyboard; path = MainMenu.storyboard; sourceTree = "<group>"; };
		4E9695D721F6839400E8114F /* ComicView.xib */ = {isa = PBXFileReference; lastKnownFileType = file.xib; path = ComicView.xib; sourceTree = "<group>"; };
		4E9695D921F6843500E8114F /* ComicView.swift */ = {isa = PBXFileReference; lastKnownFileType = sourcecode.swift; path = ComicView.swift; sourceTree = "<group>"; };
		4EA0329921F901BA00659616 /* MainViewController.swift */ = {isa = PBXFileReference; lastKnownFileType = sourcecode.swift; path = MainViewController.swift; sourceTree = "<group>"; };
		4EA4FF5C21EFD5C5005E2291 /* chuckthemonk.app */ = {isa = PBXFileReference; explicitFileType = wrapper.application; includeInIndex = 0; path = chuckthemonk.app; sourceTree = BUILT_PRODUCTS_DIR; };
		4EA4FF5F21EFD5C5005E2291 /* AppDelegate.swift */ = {isa = PBXFileReference; lastKnownFileType = sourcecode.swift; path = AppDelegate.swift; sourceTree = "<group>"; };
		4EA4FF6721EFD5C5005E2291 /* chuckthemonk.xcdatamodel */ = {isa = PBXFileReference; lastKnownFileType = wrapper.xcdatamodel; path = chuckthemonk.xcdatamodel; sourceTree = "<group>"; };
		4EA4FF6921EFD5C8005E2291 /* Assets.xcassets */ = {isa = PBXFileReference; lastKnownFileType = folder.assetcatalog; path = Assets.xcassets; sourceTree = "<group>"; };
		4EA4FF6C21EFD5C8005E2291 /* Base */ = {isa = PBXFileReference; lastKnownFileType = file.storyboard; name = Base; path = Base.lproj/LaunchScreen.storyboard; sourceTree = "<group>"; };
		4EA4FF6E21EFD5C8005E2291 /* Info.plist */ = {isa = PBXFileReference; lastKnownFileType = text.plist.xml; path = Info.plist; sourceTree = "<group>"; };
		4EA4FF7321EFD5C8005E2291 /* chuckthemonkTests.xctest */ = {isa = PBXFileReference; explicitFileType = wrapper.cfbundle; includeInIndex = 0; path = chuckthemonkTests.xctest; sourceTree = BUILT_PRODUCTS_DIR; };
		4EA4FF7721EFD5C8005E2291 /* chuckthemonkTests.swift */ = {isa = PBXFileReference; lastKnownFileType = sourcecode.swift; path = chuckthemonkTests.swift; sourceTree = "<group>"; };
		4EA4FF7921EFD5C8005E2291 /* Info.plist */ = {isa = PBXFileReference; lastKnownFileType = text.plist.xml; path = Info.plist; sourceTree = "<group>"; };
		4EA4FF7E21EFD5C8005E2291 /* chuckthemonkUITests.xctest */ = {isa = PBXFileReference; explicitFileType = wrapper.cfbundle; includeInIndex = 0; path = chuckthemonkUITests.xctest; sourceTree = BUILT_PRODUCTS_DIR; };
		4EA4FF8221EFD5C8005E2291 /* chuckthemonkUITests.swift */ = {isa = PBXFileReference; lastKnownFileType = sourcecode.swift; path = chuckthemonkUITests.swift; sourceTree = "<group>"; };
		4EA4FF8421EFD5C8005E2291 /* Info.plist */ = {isa = PBXFileReference; lastKnownFileType = text.plist.xml; path = Info.plist; sourceTree = "<group>"; };
		4EA4FF9021EFD726005E2291 /* GoogleService-Info.plist */ = {isa = PBXFileReference; lastKnownFileType = text.plist.xml; path = "GoogleService-Info.plist"; sourceTree = "<group>"; };
		4EB8B57821F4A7C2007FFA75 /* Comic.swift */ = {isa = PBXFileReference; lastKnownFileType = sourcecode.swift; path = Comic.swift; sourceTree = "<group>"; };
		83AECBA5024E1F21E683F665 /* Pods_chuckthemonkUITests.framework */ = {isa = PBXFileReference; explicitFileType = wrapper.framework; includeInIndex = 0; path = Pods_chuckthemonkUITests.framework; sourceTree = BUILT_PRODUCTS_DIR; };
		92ACBF0BF0C528DF60B46007 /* libPods-chuckthemonkTests.a */ = {isa = PBXFileReference; explicitFileType = archive.ar; includeInIndex = 0; path = "libPods-chuckthemonkTests.a"; sourceTree = BUILT_PRODUCTS_DIR; };
		A23D695D752322D8A7D1D315 /* libPods-chuckthemonk.a */ = {isa = PBXFileReference; explicitFileType = archive.ar; includeInIndex = 0; path = "libPods-chuckthemonk.a"; sourceTree = BUILT_PRODUCTS_DIR; };
		A359F8E84ABD227FE0F0916B /* Pods-chuckthemonkUITests.release.xcconfig */ = {isa = PBXFileReference; includeInIndex = 1; lastKnownFileType = text.xcconfig; name = "Pods-chuckthemonkUITests.release.xcconfig"; path = "Pods/Target Support Files/Pods-chuckthemonkUITests/Pods-chuckthemonkUITests.release.xcconfig"; sourceTree = "<group>"; };
		C385369B2A8BF15175C8269F /* Pods-chuckthemonk.release.xcconfig */ = {isa = PBXFileReference; includeInIndex = 1; lastKnownFileType = text.xcconfig; name = "Pods-chuckthemonk.release.xcconfig"; path = "Pods/Target Support Files/Pods-chuckthemonk/Pods-chuckthemonk.release.xcconfig"; sourceTree = "<group>"; };
		CDE0D1D154F1FB91CF088F45 /* Pods-chuckthemonkTests.release.xcconfig */ = {isa = PBXFileReference; includeInIndex = 1; lastKnownFileType = text.xcconfig; name = "Pods-chuckthemonkTests.release.xcconfig"; path = "Pods/Target Support Files/Pods-chuckthemonkTests/Pods-chuckthemonkTests.release.xcconfig"; sourceTree = "<group>"; };
		DC305EAA2E6D6CC78F103C34 /* Pods-chuckthemonk.debug.xcconfig */ = {isa = PBXFileReference; includeInIndex = 1; lastKnownFileType = text.xcconfig; name = "Pods-chuckthemonk.debug.xcconfig"; path = "Pods/Target Support Files/Pods-chuckthemonk/Pods-chuckthemonk.debug.xcconfig"; sourceTree = "<group>"; };
/* End PBXFileReference section */

/* Begin PBXFrameworksBuildPhase section */
		4EA4FF5921EFD5C5005E2291 /* Frameworks */ = {
			isa = PBXFrameworksBuildPhase;
			buildActionMask = 2147483647;
			files = (
				CA81CF765D6A835452889AE4 /* libPods-chuckthemonk.a in Frameworks */,
			);
			runOnlyForDeploymentPostprocessing = 0;
		};
		4EA4FF7021EFD5C8005E2291 /* Frameworks */ = {
			isa = PBXFrameworksBuildPhase;
			buildActionMask = 2147483647;
			files = (
				01CECF85C2653D107CD833CF /* libPods-chuckthemonkTests.a in Frameworks */,
			);
			runOnlyForDeploymentPostprocessing = 0;
		};
		4EA4FF7B21EFD5C8005E2291 /* Frameworks */ = {
			isa = PBXFrameworksBuildPhase;
			buildActionMask = 2147483647;
			files = (
				684252B591D18EAC2D2DD2A0 /* Pods_chuckthemonkUITests.framework in Frameworks */,
			);
			runOnlyForDeploymentPostprocessing = 0;
		};
/* End PBXFrameworksBuildPhase section */

/* Begin PBXGroup section */
		4E2EF72321F4F0990090A944 /* Archived */ = {
			isa = PBXGroup;
			children = (
				4E2EF72421F4F0AC0090A944 /* View */,
				4EB8B57421F39E2D007FFA75 /* DataAccess */,
				4EB8B57721F4A763007FFA75 /* Models */,
			);
			path = Archived;
			sourceTree = "<group>";
		};
		4E2EF72421F4F0AC0090A944 /* View */ = {
			isa = PBXGroup;
			children = (
				4E2EF72121F4EBE80090A944 /* ArchivedItemsViewController.swift */,
				4E9695D721F6839400E8114F /* ComicView.xib */,
				4E9695D921F6843500E8114F /* ComicView.swift */,
			);
			path = View;
			sourceTree = "<group>";
		};
		4E2EF72521F4F1210090A944 /* Resources */ = {
			isa = PBXGroup;
			children = (
				4EA4FF6921EFD5C8005E2291 /* Assets.xcassets */,
				4EA4FF6B21EFD5C8005E2291 /* LaunchScreen.storyboard */,
				4EA4FF6E21EFD5C8005E2291 /* Info.plist */,
				4EA4FF6621EFD5C5005E2291 /* chuckthemonk.xcdatamodeld */,
				4EA4FF9021EFD726005E2291 /* GoogleService-Info.plist */,
			);
			path = Resources;
			sourceTree = "<group>";
		};
		4EA4FF5321EFD5C5005E2291 = {
			isa = PBXGroup;
			children = (
				4EA4FF5E21EFD5C5005E2291 /* chuckthemonk */,
				4EA4FF7621EFD5C8005E2291 /* chuckthemonkTests */,
				4EA4FF8121EFD5C8005E2291 /* chuckthemonkUITests */,
				4EA4FF5D21EFD5C5005E2291 /* Products */,
				EDD6F81A6FFD256F93AB30EB /* Pods */,
				E6C6D29BB91BF849EE5E7270 /* Frameworks */,
			);
			sourceTree = "<group>";
		};
		4EA4FF5D21EFD5C5005E2291 /* Products */ = {
			isa = PBXGroup;
			children = (
				4EA4FF5C21EFD5C5005E2291 /* chuckthemonk.app */,
				4EA4FF7321EFD5C8005E2291 /* chuckthemonkTests.xctest */,
				4EA4FF7E21EFD5C8005E2291 /* chuckthemonkUITests.xctest */,
			);
			name = Products;
			sourceTree = "<group>";
		};
		4EA4FF5E21EFD5C5005E2291 /* chuckthemonk */ = {
			isa = PBXGroup;
			children = (
				4E2EF72521F4F1210090A944 /* Resources */,
				4E2EF72321F4F0990090A944 /* Archived */,
				4EA4FF5F21EFD5C5005E2291 /* AppDelegate.swift */,
				4E89F3FF21F7C591004EB698 /* MainMenu.storyboard */,
				4EA0329921F901BA00659616 /* MainViewController.swift */,
			);
			path = chuckthemonk;
			sourceTree = "<group>";
		};
		4EA4FF7621EFD5C8005E2291 /* chuckthemonkTests */ = {
			isa = PBXGroup;
			children = (
				4EA4FF7721EFD5C8005E2291 /* chuckthemonkTests.swift */,
				4EA4FF7921EFD5C8005E2291 /* Info.plist */,
			);
			path = chuckthemonkTests;
			sourceTree = "<group>";
		};
		4EA4FF8121EFD5C8005E2291 /* chuckthemonkUITests */ = {
			isa = PBXGroup;
			children = (
				4EA4FF8221EFD5C8005E2291 /* chuckthemonkUITests.swift */,
				4EA4FF8421EFD5C8005E2291 /* Info.plist */,
			);
			path = chuckthemonkUITests;
			sourceTree = "<group>";
		};
		4EB8B57421F39E2D007FFA75 /* DataAccess */ = {
			isa = PBXGroup;
			children = (
				4E89F3FD21F7BB02004EB698 /* DataAccess.swift */,
			);
			path = DataAccess;
			sourceTree = "<group>";
		};
		4EB8B57721F4A763007FFA75 /* Models */ = {
			isa = PBXGroup;
			children = (
				4EB8B57821F4A7C2007FFA75 /* Comic.swift */,
			);
			path = Models;
			sourceTree = "<group>";
		};
		E6C6D29BB91BF849EE5E7270 /* Frameworks */ = {
			isa = PBXGroup;
			children = (
				A23D695D752322D8A7D1D315 /* libPods-chuckthemonk.a */,
				92ACBF0BF0C528DF60B46007 /* libPods-chuckthemonkTests.a */,
				83AECBA5024E1F21E683F665 /* Pods_chuckthemonkUITests.framework */,
			);
			name = Frameworks;
			sourceTree = "<group>";
		};
		EDD6F81A6FFD256F93AB30EB /* Pods */ = {
			isa = PBXGroup;
			children = (
				DC305EAA2E6D6CC78F103C34 /* Pods-chuckthemonk.debug.xcconfig */,
				C385369B2A8BF15175C8269F /* Pods-chuckthemonk.release.xcconfig */,
				0575E90D491489F4F5689F05 /* Pods-chuckthemonkTests.debug.xcconfig */,
				CDE0D1D154F1FB91CF088F45 /* Pods-chuckthemonkTests.release.xcconfig */,
				09AE364E5901F3DA8B4EB381 /* Pods-chuckthemonkUITests.debug.xcconfig */,
				A359F8E84ABD227FE0F0916B /* Pods-chuckthemonkUITests.release.xcconfig */,
			);
			name = Pods;
			sourceTree = "<group>";
		};
/* End PBXGroup section */

/* Begin PBXNativeTarget section */
		4EA4FF5B21EFD5C5005E2291 /* chuckthemonk */ = {
			isa = PBXNativeTarget;
			buildConfigurationList = 4EA4FF8721EFD5C8005E2291 /* Build configuration list for PBXNativeTarget "chuckthemonk" */;
			buildPhases = (
				C9708209B1EF053BF2260C07 /* [CP] Check Pods Manifest.lock */,
				4EA4FF5821EFD5C5005E2291 /* Sources */,
				4EA4FF5921EFD5C5005E2291 /* Frameworks */,
				4EA4FF5A21EFD5C5005E2291 /* Resources */,
				48B161EAD183FAC1BBE95996 /* [CP] Copy Pods Resources */,
			);
			buildRules = (
			);
			dependencies = (
			);
			name = chuckthemonk;
			productName = chuckthemonk;
			productReference = 4EA4FF5C21EFD5C5005E2291 /* chuckthemonk.app */;
			productType = "com.apple.product-type.application";
		};
		4EA4FF7221EFD5C8005E2291 /* chuckthemonkTests */ = {
			isa = PBXNativeTarget;
			buildConfigurationList = 4EA4FF8A21EFD5C8005E2291 /* Build configuration list for PBXNativeTarget "chuckthemonkTests" */;
			buildPhases = (
				68E56B09509C5495ABA6E20E /* [CP] Check Pods Manifest.lock */,
				4EA4FF6F21EFD5C8005E2291 /* Sources */,
				4EA4FF7021EFD5C8005E2291 /* Frameworks */,
				4EA4FF7121EFD5C8005E2291 /* Resources */,
			);
			buildRules = (
			);
			dependencies = (
				4EA4FF7521EFD5C8005E2291 /* PBXTargetDependency */,
			);
			name = chuckthemonkTests;
			productName = chuckthemonkTests;
			productReference = 4EA4FF7321EFD5C8005E2291 /* chuckthemonkTests.xctest */;
			productType = "com.apple.product-type.bundle.unit-test";
		};
		4EA4FF7D21EFD5C8005E2291 /* chuckthemonkUITests */ = {
			isa = PBXNativeTarget;
			buildConfigurationList = 4EA4FF8D21EFD5C8005E2291 /* Build configuration list for PBXNativeTarget "chuckthemonkUITests" */;
			buildPhases = (
				8CC33190C0327C736F33A5FF /* [CP] Check Pods Manifest.lock */,
				4EA4FF7A21EFD5C8005E2291 /* Sources */,
				4EA4FF7B21EFD5C8005E2291 /* Frameworks */,
				4EA4FF7C21EFD5C8005E2291 /* Resources */,
				94D84B33435BD47D84CF9EE9 /* [CP] Embed Pods Frameworks */,
			);
			buildRules = (
			);
			dependencies = (
				4EA4FF8021EFD5C8005E2291 /* PBXTargetDependency */,
			);
			name = chuckthemonkUITests;
			productName = chuckthemonkUITests;
			productReference = 4EA4FF7E21EFD5C8005E2291 /* chuckthemonkUITests.xctest */;
			productType = "com.apple.product-type.bundle.ui-testing";
		};
/* End PBXNativeTarget section */

/* Begin PBXProject section */
		4EA4FF5421EFD5C5005E2291 /* Project object */ = {
			isa = PBXProject;
			attributes = {
				LastSwiftUpdateCheck = 1010;
				LastUpgradeCheck = 1010;
				ORGANIZATIONNAME = "Gary O'Donoghue";
				TargetAttributes = {
					4EA4FF5B21EFD5C5005E2291 = {
						CreatedOnToolsVersion = 10.1;
					};
					4EA4FF7221EFD5C8005E2291 = {
						CreatedOnToolsVersion = 10.1;
						TestTargetID = 4EA4FF5B21EFD5C5005E2291;
					};
					4EA4FF7D21EFD5C8005E2291 = {
						CreatedOnToolsVersion = 10.1;
						TestTargetID = 4EA4FF5B21EFD5C5005E2291;
					};
				};
			};
			buildConfigurationList = 4EA4FF5721EFD5C5005E2291 /* Build configuration list for PBXProject "chuckthemonk" */;
			compatibilityVersion = "Xcode 9.3";
			developmentRegion = en;
			hasScannedForEncodings = 0;
			knownRegions = (
				en,
				Base,
			);
			mainGroup = 4EA4FF5321EFD5C5005E2291;
			productRefGroup = 4EA4FF5D21EFD5C5005E2291 /* Products */;
			projectDirPath = "";
			projectRoot = "";
			targets = (
				4EA4FF5B21EFD5C5005E2291 /* chuckthemonk */,
				4EA4FF7221EFD5C8005E2291 /* chuckthemonkTests */,
				4EA4FF7D21EFD5C8005E2291 /* chuckthemonkUITests */,
			);
		};
/* End PBXProject section */

/* Begin PBXResourcesBuildPhase section */
		4EA4FF5A21EFD5C5005E2291 /* Resources */ = {
			isa = PBXResourcesBuildPhase;
			buildActionMask = 2147483647;
			files = (
				4EA4FF6D21EFD5C8005E2291 /* LaunchScreen.storyboard in Resources */,
				4EA4FF9121EFD726005E2291 /* GoogleService-Info.plist in Resources */,
				4E89F40021F7C591004EB698 /* MainMenu.storyboard in Resources */,
				4EA4FF6A21EFD5C8005E2291 /* Assets.xcassets in Resources */,
				4E9695D821F6839400E8114F /* ComicView.xib in Resources */,
			);
			runOnlyForDeploymentPostprocessing = 0;
		};
		4EA4FF7121EFD5C8005E2291 /* Resources */ = {
			isa = PBXResourcesBuildPhase;
			buildActionMask = 2147483647;
			files = (
			);
			runOnlyForDeploymentPostprocessing = 0;
		};
		4EA4FF7C21EFD5C8005E2291 /* Resources */ = {
			isa = PBXResourcesBuildPhase;
			buildActionMask = 2147483647;
			files = (
			);
			runOnlyForDeploymentPostprocessing = 0;
		};
/* End PBXResourcesBuildPhase section */

/* Begin PBXShellScriptBuildPhase section */
		48B161EAD183FAC1BBE95996 /* [CP] Copy Pods Resources */ = {
			isa = PBXShellScriptBuildPhase;
			buildActionMask = 2147483647;
			files = (
			);
			inputFileListPaths = (
			);
			inputPaths = (
				"${SRCROOT}/Pods/Target Support Files/Pods-chuckthemonk/Pods-chuckthemonk-resources.sh",
				"${PODS_CONFIGURATION_BUILD_DIR}/HockeySDK/HockeySDKResources.bundle",
			);
			name = "[CP] Copy Pods Resources";
			outputFileListPaths = (
			);
			outputPaths = (
				"${TARGET_BUILD_DIR}/${UNLOCALIZED_RESOURCES_FOLDER_PATH}/HockeySDKResources.bundle",
			);
			runOnlyForDeploymentPostprocessing = 0;
			shellPath = /bin/sh;
			shellScript = "\"${SRCROOT}/Pods/Target Support Files/Pods-chuckthemonk/Pods-chuckthemonk-resources.sh\"\n";
			showEnvVarsInLog = 0;
		};
		68E56B09509C5495ABA6E20E /* [CP] Check Pods Manifest.lock */ = {
			isa = PBXShellScriptBuildPhase;
			buildActionMask = 2147483647;
			files = (
			);
			inputFileListPaths = (
			);
			inputPaths = (
				"${PODS_PODFILE_DIR_PATH}/Podfile.lock",
				"${PODS_ROOT}/Manifest.lock",
			);
			name = "[CP] Check Pods Manifest.lock";
			outputFileListPaths = (
			);
			outputPaths = (
				"$(DERIVED_FILE_DIR)/Pods-chuckthemonkTests-checkManifestLockResult.txt",
			);
			runOnlyForDeploymentPostprocessing = 0;
			shellPath = /bin/sh;
			shellScript = "diff \"${PODS_PODFILE_DIR_PATH}/Podfile.lock\" \"${PODS_ROOT}/Manifest.lock\" > /dev/null\nif [ $? != 0 ] ; then\n    # print error to STDERR\n    echo \"error: The sandbox is not in sync with the Podfile.lock. Run 'pod install' or update your CocoaPods installation.\" >&2\n    exit 1\nfi\n# This output is used by Xcode 'outputs' to avoid re-running this script phase.\necho \"SUCCESS\" > \"${SCRIPT_OUTPUT_FILE_0}\"\n";
			showEnvVarsInLog = 0;
		};
		8CC33190C0327C736F33A5FF /* [CP] Check Pods Manifest.lock */ = {
			isa = PBXShellScriptBuildPhase;
			buildActionMask = 2147483647;
			files = (
			);
			inputFileListPaths = (
			);
			inputPaths = (
				"${PODS_PODFILE_DIR_PATH}/Podfile.lock",
				"${PODS_ROOT}/Manifest.lock",
			);
			name = "[CP] Check Pods Manifest.lock";
			outputFileListPaths = (
			);
			outputPaths = (
				"$(DERIVED_FILE_DIR)/Pods-chuckthemonkUITests-checkManifestLockResult.txt",
			);
			runOnlyForDeploymentPostprocessing = 0;
			shellPath = /bin/sh;
			shellScript = "diff \"${PODS_PODFILE_DIR_PATH}/Podfile.lock\" \"${PODS_ROOT}/Manifest.lock\" > /dev/null\nif [ $? != 0 ] ; then\n    # print error to STDERR\n    echo \"error: The sandbox is not in sync with the Podfile.lock. Run 'pod install' or update your CocoaPods installation.\" >&2\n    exit 1\nfi\n# This output is used by Xcode 'outputs' to avoid re-running this script phase.\necho \"SUCCESS\" > \"${SCRIPT_OUTPUT_FILE_0}\"\n";
			showEnvVarsInLog = 0;
		};
		94D84B33435BD47D84CF9EE9 /* [CP] Embed Pods Frameworks */ = {
			isa = PBXShellScriptBuildPhase;
			buildActionMask = 2147483647;
			files = (
			);
			inputFileListPaths = (
			);
			inputPaths = (
				"${SRCROOT}/Pods/Target Support Files/Pods-chuckthemonkUITests/Pods-chuckthemonkUITests-frameworks.sh",
				"${BUILT_PRODUCTS_DIR}/iOSSnapshotTestCase/FBSnapshotTestCase.framework",
			);
			name = "[CP] Embed Pods Frameworks";
			outputFileListPaths = (
			);
			outputPaths = (
				"${TARGET_BUILD_DIR}/${FRAMEWORKS_FOLDER_PATH}/FBSnapshotTestCase.framework",
			);
			runOnlyForDeploymentPostprocessing = 0;
			shellPath = /bin/sh;
			shellScript = "\"${SRCROOT}/Pods/Target Support Files/Pods-chuckthemonkUITests/Pods-chuckthemonkUITests-frameworks.sh\"\n";
			showEnvVarsInLog = 0;
		};
		C9708209B1EF053BF2260C07 /* [CP] Check Pods Manifest.lock */ = {
			isa = PBXShellScriptBuildPhase;
			buildActionMask = 2147483647;
			files = (
			);
			inputFileListPaths = (
			);
			inputPaths = (
				"${PODS_PODFILE_DIR_PATH}/Podfile.lock",
				"${PODS_ROOT}/Manifest.lock",
			);
			name = "[CP] Check Pods Manifest.lock";
			outputFileListPaths = (
			);
			outputPaths = (
				"$(DERIVED_FILE_DIR)/Pods-chuckthemonk-checkManifestLockResult.txt",
			);
			runOnlyForDeploymentPostprocessing = 0;
			shellPath = /bin/sh;
			shellScript = "diff \"${PODS_PODFILE_DIR_PATH}/Podfile.lock\" \"${PODS_ROOT}/Manifest.lock\" > /dev/null\nif [ $? != 0 ] ; then\n    # print error to STDERR\n    echo \"error: The sandbox is not in sync with the Podfile.lock. Run 'pod install' or update your CocoaPods installation.\" >&2\n    exit 1\nfi\n# This output is used by Xcode 'outputs' to avoid re-running this script phase.\necho \"SUCCESS\" > \"${SCRIPT_OUTPUT_FILE_0}\"\n";
			showEnvVarsInLog = 0;
		};
/* End PBXShellScriptBuildPhase section */

/* Begin PBXSourcesBuildPhase section */
		4EA4FF5821EFD5C5005E2291 /* Sources */ = {
			isa = PBXSourcesBuildPhase;
			buildActionMask = 2147483647;
			files = (
				4EA0329A21F901BA00659616 /* MainViewController.swift in Sources */,
				4EA4FF6821EFD5C5005E2291 /* chuckthemonk.xcdatamodeld in Sources */,
				4E89F3FE21F7BB03004EB698 /* DataAccess.swift in Sources */,
				4EB8B57921F4A7C2007FFA75 /* Comic.swift in Sources */,
				4E2EF72221F4EBE90090A944 /* ArchivedItemsViewController.swift in Sources */,
				4EA4FF6021EFD5C5005E2291 /* AppDelegate.swift in Sources */,
				4E9695DA21F6843500E8114F /* ComicView.swift in Sources */,
			);
			runOnlyForDeploymentPostprocessing = 0;
		};
		4EA4FF6F21EFD5C8005E2291 /* Sources */ = {
			isa = PBXSourcesBuildPhase;
			buildActionMask = 2147483647;
			files = (
				4EA4FF7821EFD5C8005E2291 /* chuckthemonkTests.swift in Sources */,
			);
			runOnlyForDeploymentPostprocessing = 0;
		};
		4EA4FF7A21EFD5C8005E2291 /* Sources */ = {
			isa = PBXSourcesBuildPhase;
			buildActionMask = 2147483647;
			files = (
				4E083A50222ACC60000E5B6B /* ComicView.swift in Sources */,
				4E083A51222ACCAC000E5B6B /* Comic.swift in Sources */,
				4E083A4E222ACBCA000E5B6B /* ArchivedItemsViewController.swift in Sources */,
				4EA4FF8321EFD5C8005E2291 /* chuckthemonkUITests.swift in Sources */,
				4E083A4D222ACA7A000E5B6B /* MainViewController.swift in Sources */,
				4E083A4F222ACC56000E5B6B /* DataAccess.swift in Sources */,
			);
			runOnlyForDeploymentPostprocessing = 0;
		};
/* End PBXSourcesBuildPhase section */

/* Begin PBXTargetDependency section */
		4EA4FF7521EFD5C8005E2291 /* PBXTargetDependency */ = {
			isa = PBXTargetDependency;
			target = 4EA4FF5B21EFD5C5005E2291 /* chuckthemonk */;
			targetProxy = 4EA4FF7421EFD5C8005E2291 /* PBXContainerItemProxy */;
		};
		4EA4FF8021EFD5C8005E2291 /* PBXTargetDependency */ = {
			isa = PBXTargetDependency;
			target = 4EA4FF5B21EFD5C5005E2291 /* chuckthemonk */;
			targetProxy = 4EA4FF7F21EFD5C8005E2291 /* PBXContainerItemProxy */;
		};
/* End PBXTargetDependency section */

/* Begin PBXVariantGroup section */
		4EA4FF6B21EFD5C8005E2291 /* LaunchScreen.storyboard */ = {
			isa = PBXVariantGroup;
			children = (
				4EA4FF6C21EFD5C8005E2291 /* Base */,
			);
			name = LaunchScreen.storyboard;
			sourceTree = "<group>";
		};
/* End PBXVariantGroup section */

/* Begin XCBuildConfiguration section */
		4EA4FF8521EFD5C8005E2291 /* Debug */ = {
			isa = XCBuildConfiguration;
			buildSettings = {
				ALWAYS_SEARCH_USER_PATHS = NO;
				CLANG_ANALYZER_NONNULL = YES;
				CLANG_ANALYZER_NUMBER_OBJECT_CONVERSION = YES_AGGRESSIVE;
				CLANG_CXX_LANGUAGE_STANDARD = "gnu++14";
				CLANG_CXX_LIBRARY = "libc++";
				CLANG_ENABLE_MODULES = YES;
				CLANG_ENABLE_OBJC_ARC = YES;
				CLANG_ENABLE_OBJC_WEAK = YES;
				CLANG_WARN_BLOCK_CAPTURE_AUTORELEASING = YES;
				CLANG_WARN_BOOL_CONVERSION = YES;
				CLANG_WARN_COMMA = YES;
				CLANG_WARN_CONSTANT_CONVERSION = YES;
				CLANG_WARN_DEPRECATED_OBJC_IMPLEMENTATIONS = YES;
				CLANG_WARN_DIRECT_OBJC_ISA_USAGE = YES_ERROR;
				CLANG_WARN_DOCUMENTATION_COMMENTS = YES;
				CLANG_WARN_EMPTY_BODY = YES;
				CLANG_WARN_ENUM_CONVERSION = YES;
				CLANG_WARN_INFINITE_RECURSION = YES;
				CLANG_WARN_INT_CONVERSION = YES;
				CLANG_WARN_NON_LITERAL_NULL_CONVERSION = YES;
				CLANG_WARN_OBJC_IMPLICIT_RETAIN_SELF = YES;
				CLANG_WARN_OBJC_LITERAL_CONVERSION = YES;
				CLANG_WARN_OBJC_ROOT_CLASS = YES_ERROR;
				CLANG_WARN_RANGE_LOOP_ANALYSIS = YES;
				CLANG_WARN_STRICT_PROTOTYPES = YES;
				CLANG_WARN_SUSPICIOUS_MOVE = YES;
				CLANG_WARN_UNGUARDED_AVAILABILITY = YES_AGGRESSIVE;
				CLANG_WARN_UNREACHABLE_CODE = YES;
				CLANG_WARN__DUPLICATE_METHOD_MATCH = YES;
				CODE_SIGN_IDENTITY = "iPhone Developer";
				COPY_PHASE_STRIP = NO;
				DEBUG_INFORMATION_FORMAT = dwarf;
				ENABLE_STRICT_OBJC_MSGSEND = YES;
				ENABLE_TESTABILITY = YES;
				GCC_C_LANGUAGE_STANDARD = gnu11;
				GCC_DYNAMIC_NO_PIC = NO;
				GCC_NO_COMMON_BLOCKS = YES;
				GCC_OPTIMIZATION_LEVEL = 0;
				GCC_PREPROCESSOR_DEFINITIONS = (
					"DEBUG=1",
					"$(inherited)",
				);
				GCC_WARN_64_TO_32_BIT_CONVERSION = YES;
				GCC_WARN_ABOUT_RETURN_TYPE = YES_ERROR;
				GCC_WARN_UNDECLARED_SELECTOR = YES;
				GCC_WARN_UNINITIALIZED_AUTOS = YES_AGGRESSIVE;
				GCC_WARN_UNUSED_FUNCTION = YES;
				GCC_WARN_UNUSED_VARIABLE = YES;
				IPHONEOS_DEPLOYMENT_TARGET = 12.1;
				MTL_ENABLE_DEBUG_INFO = INCLUDE_SOURCE;
				MTL_FAST_MATH = YES;
				ONLY_ACTIVE_ARCH = YES;
				SDKROOT = iphoneos;
				SWIFT_ACTIVE_COMPILATION_CONDITIONS = DEBUG;
				SWIFT_OPTIMIZATION_LEVEL = "-Onone";
			};
			name = Debug;
		};
		4EA4FF8621EFD5C8005E2291 /* Release */ = {
			isa = XCBuildConfiguration;
			buildSettings = {
				ALWAYS_SEARCH_USER_PATHS = NO;
				CLANG_ANALYZER_NONNULL = YES;
				CLANG_ANALYZER_NUMBER_OBJECT_CONVERSION = YES_AGGRESSIVE;
				CLANG_CXX_LANGUAGE_STANDARD = "gnu++14";
				CLANG_CXX_LIBRARY = "libc++";
				CLANG_ENABLE_MODULES = YES;
				CLANG_ENABLE_OBJC_ARC = YES;
				CLANG_ENABLE_OBJC_WEAK = YES;
				CLANG_WARN_BLOCK_CAPTURE_AUTORELEASING = YES;
				CLANG_WARN_BOOL_CONVERSION = YES;
				CLANG_WARN_COMMA = YES;
				CLANG_WARN_CONSTANT_CONVERSION = YES;
				CLANG_WARN_DEPRECATED_OBJC_IMPLEMENTATIONS = YES;
				CLANG_WARN_DIRECT_OBJC_ISA_USAGE = YES_ERROR;
				CLANG_WARN_DOCUMENTATION_COMMENTS = YES;
				CLANG_WARN_EMPTY_BODY = YES;
				CLANG_WARN_ENUM_CONVERSION = YES;
				CLANG_WARN_INFINITE_RECURSION = YES;
				CLANG_WARN_INT_CONVERSION = YES;
				CLANG_WARN_NON_LITERAL_NULL_CONVERSION = YES;
				CLANG_WARN_OBJC_IMPLICIT_RETAIN_SELF = YES;
				CLANG_WARN_OBJC_LITERAL_CONVERSION = YES;
				CLANG_WARN_OBJC_ROOT_CLASS = YES_ERROR;
				CLANG_WARN_RANGE_LOOP_ANALYSIS = YES;
				CLANG_WARN_STRICT_PROTOTYPES = YES;
				CLANG_WARN_SUSPICIOUS_MOVE = YES;
				CLANG_WARN_UNGUARDED_AVAILABILITY = YES_AGGRESSIVE;
				CLANG_WARN_UNREACHABLE_CODE = YES;
				CLANG_WARN__DUPLICATE_METHOD_MATCH = YES;
				CODE_SIGN_IDENTITY = "iPhone Developer";
				COPY_PHASE_STRIP = NO;
				DEBUG_INFORMATION_FORMAT = "dwarf-with-dsym";
				ENABLE_NS_ASSERTIONS = NO;
				ENABLE_STRICT_OBJC_MSGSEND = YES;
				GCC_C_LANGUAGE_STANDARD = gnu11;
				GCC_NO_COMMON_BLOCKS = YES;
				GCC_WARN_64_TO_32_BIT_CONVERSION = YES;
				GCC_WARN_ABOUT_RETURN_TYPE = YES_ERROR;
				GCC_WARN_UNDECLARED_SELECTOR = YES;
				GCC_WARN_UNINITIALIZED_AUTOS = YES_AGGRESSIVE;
				GCC_WARN_UNUSED_FUNCTION = YES;
				GCC_WARN_UNUSED_VARIABLE = YES;
				IPHONEOS_DEPLOYMENT_TARGET = 12.1;
				MTL_ENABLE_DEBUG_INFO = NO;
				MTL_FAST_MATH = YES;
				SDKROOT = iphoneos;
				SWIFT_COMPILATION_MODE = wholemodule;
				SWIFT_OPTIMIZATION_LEVEL = "-O";
				VALIDATE_PRODUCT = YES;
			};
			name = Release;
		};
		4EA4FF8821EFD5C8005E2291 /* Debug */ = {
			isa = XCBuildConfiguration;
			baseConfigurationReference = DC305EAA2E6D6CC78F103C34 /* Pods-chuckthemonk.debug.xcconfig */;
			buildSettings = {
				ASSETCATALOG_COMPILER_APPICON_NAME = AppIcon;
				CODE_SIGN_STYLE = Automatic;
				DEVELOPMENT_TEAM = 76V9Z2L66N;
				INFOPLIST_FILE = chuckthemonk/Resources/Info.plist;
				LD_RUNPATH_SEARCH_PATHS = (
					"$(inherited)",
					"@executable_path/Frameworks",
				);
				PRODUCT_BUNDLE_IDENTIFIER = com.chuckthemonk;
				PRODUCT_NAME = "$(TARGET_NAME)";
				SWIFT_VERSION = 4.2;
				TARGETED_DEVICE_FAMILY = "1,2";
			};
			name = Debug;
		};
		4EA4FF8921EFD5C8005E2291 /* Release */ = {
			isa = XCBuildConfiguration;
			baseConfigurationReference = C385369B2A8BF15175C8269F /* Pods-chuckthemonk.release.xcconfig */;
			buildSettings = {
				ASSETCATALOG_COMPILER_APPICON_NAME = AppIcon;
				CODE_SIGN_STYLE = Automatic;
				DEVELOPMENT_TEAM = 76V9Z2L66N;
				INFOPLIST_FILE = chuckthemonk/Resources/Info.plist;
				LD_RUNPATH_SEARCH_PATHS = (
					"$(inherited)",
					"@executable_path/Frameworks",
				);
				PRODUCT_BUNDLE_IDENTIFIER = com.chuckthemonk;
				PRODUCT_NAME = "$(TARGET_NAME)";
				SWIFT_VERSION = 4.2;
				TARGETED_DEVICE_FAMILY = "1,2";
			};
			name = Release;
		};
		4EA4FF8B21EFD5C8005E2291 /* Debug */ = {
			isa = XCBuildConfiguration;
			baseConfigurationReference = 0575E90D491489F4F5689F05 /* Pods-chuckthemonkTests.debug.xcconfig */;
			buildSettings = {
				ALWAYS_EMBED_SWIFT_STANDARD_LIBRARIES = YES;
				BUNDLE_LOADER = "$(TEST_HOST)";
				CODE_SIGN_STYLE = Automatic;
				DEVELOPMENT_TEAM = 76V9Z2L66N;
				INFOPLIST_FILE = chuckthemonkTests/Info.plist;
				LD_RUNPATH_SEARCH_PATHS = (
					"$(inherited)",
					"@executable_path/Frameworks",
					"@loader_path/Frameworks",
				);
				PRODUCT_BUNDLE_IDENTIFIER = com.chuckthemonkTests;
				PRODUCT_NAME = "$(TARGET_NAME)";
				SWIFT_VERSION = 4.2;
				TARGETED_DEVICE_FAMILY = "1,2";
				TEST_HOST = "$(BUILT_PRODUCTS_DIR)/chuckthemonk.app/chuckthemonk";
			};
			name = Debug;
		};
		4EA4FF8C21EFD5C8005E2291 /* Release */ = {
			isa = XCBuildConfiguration;
			baseConfigurationReference = CDE0D1D154F1FB91CF088F45 /* Pods-chuckthemonkTests.release.xcconfig */;
			buildSettings = {
				ALWAYS_EMBED_SWIFT_STANDARD_LIBRARIES = YES;
				BUNDLE_LOADER = "$(TEST_HOST)";
				CODE_SIGN_STYLE = Automatic;
				DEVELOPMENT_TEAM = 76V9Z2L66N;
				INFOPLIST_FILE = chuckthemonkTests/Info.plist;
				LD_RUNPATH_SEARCH_PATHS = (
					"$(inherited)",
					"@executable_path/Frameworks",
					"@loader_path/Frameworks",
				);
				PRODUCT_BUNDLE_IDENTIFIER = com.chuckthemonkTests;
				PRODUCT_NAME = "$(TARGET_NAME)";
				SWIFT_VERSION = 4.2;
				TARGETED_DEVICE_FAMILY = "1,2";
				TEST_HOST = "$(BUILT_PRODUCTS_DIR)/chuckthemonk.app/chuckthemonk";
			};
			name = Release;
		};
		4EA4FF8E21EFD5C8005E2291 /* Debug */ = {
			isa = XCBuildConfiguration;
			baseConfigurationReference = 09AE364E5901F3DA8B4EB381 /* Pods-chuckthemonkUITests.debug.xcconfig */;
			buildSettings = {
				ALWAYS_EMBED_SWIFT_STANDARD_LIBRARIES = NO;
				CODE_SIGN_STYLE = Automatic;
				DEVELOPMENT_TEAM = 76V9Z2L66N;
				INFOPLIST_FILE = chuckthemonkUITests/Info.plist;
				LD_RUNPATH_SEARCH_PATHS = (
					"$(inherited)",
					"@executable_path/Frameworks",
					"@loader_path/Frameworks",
				);
				PRODUCT_BUNDLE_IDENTIFIER = com.chuckthemonkUITests;
				PRODUCT_NAME = "$(TARGET_NAME)";
				SWIFT_VERSION = 4.2;
				TARGETED_DEVICE_FAMILY = "1,2";
				TEST_TARGET_NAME = chuckthemonk;
			};
			name = Debug;
		};
		4EA4FF8F21EFD5C8005E2291 /* Release */ = {
			isa = XCBuildConfiguration;
			baseConfigurationReference = A359F8E84ABD227FE0F0916B /* Pods-chuckthemonkUITests.release.xcconfig */;
			buildSettings = {
				ALWAYS_EMBED_SWIFT_STANDARD_LIBRARIES = NO;
				CODE_SIGN_STYLE = Automatic;
				DEVELOPMENT_TEAM = 76V9Z2L66N;
				INFOPLIST_FILE = chuckthemonkUITests/Info.plist;
				LD_RUNPATH_SEARCH_PATHS = (
					"$(inherited)",
					"@executable_path/Frameworks",
					"@loader_path/Frameworks",
				);
				PRODUCT_BUNDLE_IDENTIFIER = com.chuckthemonkUITests;
				PRODUCT_NAME = "$(TARGET_NAME)";
				SWIFT_VERSION = 4.2;
				TARGETED_DEVICE_FAMILY = "1,2";
				TEST_TARGET_NAME = chuckthemonk;
			};
			name = Release;
		};
/* End XCBuildConfiguration section */

/* Begin XCConfigurationList section */
		4EA4FF5721EFD5C5005E2291 /* Build configuration list for PBXProject "chuckthemonk" */ = {
			isa = XCConfigurationList;
			buildConfigurations = (
				4EA4FF8521EFD5C8005E2291 /* Debug */,
				4EA4FF8621EFD5C8005E2291 /* Release */,
			);
			defaultConfigurationIsVisible = 0;
			defaultConfigurationName = Release;
		};
		4EA4FF8721EFD5C8005E2291 /* Build configuration list for PBXNativeTarget "chuckthemonk" */ = {
			isa = XCConfigurationList;
			buildConfigurations = (
				4EA4FF8821EFD5C8005E2291 /* Debug */,
				4EA4FF8921EFD5C8005E2291 /* Release */,
			);
			defaultConfigurationIsVisible = 0;
			defaultConfigurationName = Release;
		};
		4EA4FF8A21EFD5C8005E2291 /* Build configuration list for PBXNativeTarget "chuckthemonkTests" */ = {
			isa = XCConfigurationList;
			buildConfigurations = (
				4EA4FF8B21EFD5C8005E2291 /* Debug */,
				4EA4FF8C21EFD5C8005E2291 /* Release */,
			);
			defaultConfigurationIsVisible = 0;
			defaultConfigurationName = Release;
		};
		4EA4FF8D21EFD5C8005E2291 /* Build configuration list for PBXNativeTarget "chuckthemonkUITests" */ = {
			isa = XCConfigurationList;
			buildConfigurations = (
				4EA4FF8E21EFD5C8005E2291 /* Debug */,
				4EA4FF8F21EFD5C8005E2291 /* Release */,
			);
			defaultConfigurationIsVisible = 0;
			defaultConfigurationName = Release;
		};
/* End XCConfigurationList section */

/* Begin XCVersionGroup section */
		4EA4FF6621EFD5C5005E2291 /* chuckthemonk.xcdatamodeld */ = {
			isa = XCVersionGroup;
			children = (
				4EA4FF6721EFD5C5005E2291 /* chuckthemonk.xcdatamodel */,
			);
			currentVersion = 4EA4FF6721EFD5C5005E2291 /* chuckthemonk.xcdatamodel */;
			path = chuckthemonk.xcdatamodeld;
			sourceTree = "<group>";
			versionGroupType = wrapper.xcdatamodel;
		};
/* End XCVersionGroup section */
	};
	rootObject = 4EA4FF5421EFD5C5005E2291 /* Project object */;
}
